
Microsoft Visual Studio Solution File, Format Version 12.00
# Visual Studio Version 17
VisualStudioVersion = 17.9.34723.18
MinimumVisualStudioVersion = 10.0.40219.1
Project("{FAE04EC0-301F-11D3-BF4B-00C04F79EFBC}") = "Two Sum", "Two Sum\Two Sum.csproj", "{E54850F2-CA18-407B-892A-FD6D6AFA504E}"
EndProject
Global
	GlobalSection(SolutionConfigurationPlatforms) = preSolution
		Debug|Any CPU = Debug|Any CPU
		Release|Any CPU = Release|Any CPU
	EndGlobalSection
	GlobalSection(ProjectConfigurationPlatforms) = postSolution
		{E54850F2-CA18-407B-892A-FD6D6AFA504E}.Debug|Any CPU.ActiveCfg = Debug|Any CPU
		{E54850F2-CA18-407B-892A-FD6D6AFA504E}.Debug|Any CPU.Build.0 = Debug|Any CPU
		{E54850F2-CA18-407B-892A-FD6D6AFA504E}.Release|Any CPU.ActiveCfg = Release|Any CPU
		{E54850F2-CA18-407B-892A-FD6D6AFA504E}.Release|Any CPU.Build.0 = Release|Any CPU
	EndGlobalSection
	GlobalSection(SolutionProperties) = preSolution
		HideSolutionNode = FALSE
	EndGlobalSection
	GlobalSection(ExtensibilityGlobals) = postSolution
		SolutionGuid = {C760837E-FC3F-474E-90A3-92ACEF9BA485}
	EndGlobalSection
EndGlobal
